
Microsoft Visual Studio Solution File, Format Version 12.00
# Visual Studio Version 16
VisualStudioVersion = 16.0.29905.134
MinimumVisualStudioVersion = 10.0.40219.1
Project("{FAE04EC0-301F-11D3-BF4B-00C04F79EFBC}") = "Ladeskab", "Ladeskab\Ladeskab.csproj", "{5388D7A4-30B0-4E85-B0CB-968C1269969C}"
EndProject
Project("{FAE04EC0-301F-11D3-BF4B-00C04F79EFBC}") = "LadeskabUnitTest", "LadeskabUnitTest\LadeskabUnitTest.csproj", "{EF136F43-D5E4-4DD9-B7B4-EC6F020FECDF}"
EndProject
Project("{FAE04EC0-301F-11D3-BF4B-00C04F79EFBC}") = "LadeskabKlasseBibliotek", "LadeskabKlasseBibliotek\LadeskabKlasseBibliotek.csproj", "{803E9EC0-5962-4A85-86B3-5902E5454E44}"
EndProject
Global
	GlobalSection(SolutionConfigurationPlatforms) = preSolution
		Debug|Any CPU = Debug|Any CPU
		Release|Any CPU = Release|Any CPU
	EndGlobalSection
	GlobalSection(ProjectConfigurationPlatforms) = postSolution
		{5388D7A4-30B0-4E85-B0CB-968C1269969C}.Debug|Any CPU.ActiveCfg = Debug|Any CPU
		{5388D7A4-30B0-4E85-B0CB-968C1269969C}.Debug|Any CPU.Build.0 = Debug|Any CPU
		{5388D7A4-30B0-4E85-B0CB-968C1269969C}.Release|Any CPU.ActiveCfg = Release|Any CPU
		{5388D7A4-30B0-4E85-B0CB-968C1269969C}.Release|Any CPU.Build.0 = Release|Any CPU
		{EF136F43-D5E4-4DD9-B7B4-EC6F020FECDF}.Debug|Any CPU.ActiveCfg = Debug|Any CPU
		{EF136F43-D5E4-4DD9-B7B4-EC6F020FECDF}.Debug|Any CPU.Build.0 = Debug|Any CPU
		{EF136F43-D5E4-4DD9-B7B4-EC6F020FECDF}.Release|Any CPU.ActiveCfg = Release|Any CPU
		{EF136F43-D5E4-4DD9-B7B4-EC6F020FECDF}.Release|Any CPU.Build.0 = Release|Any CPU
		{803E9EC0-5962-4A85-86B3-5902E5454E44}.Debug|Any CPU.ActiveCfg = Debug|Any CPU
		{803E9EC0-5962-4A85-86B3-5902E5454E44}.Debug|Any CPU.Build.0 = Debug|Any CPU
		{803E9EC0-5962-4A85-86B3-5902E5454E44}.Release|Any CPU.ActiveCfg = Release|Any CPU
		{803E9EC0-5962-4A85-86B3-5902E5454E44}.Release|Any CPU.Build.0 = Release|Any CPU
	EndGlobalSection
	GlobalSection(SolutionProperties) = preSolution
		HideSolutionNode = FALSE
	EndGlobalSection
	GlobalSection(ExtensibilityGlobals) = postSolution
		SolutionGuid = {F0DBD552-D10F-4645-8E12-6F5E30157E33}
	EndGlobalSection
EndGlobal
